
Microsoft Visual Studio Solution File, Format Version 12.00
# Visual Studio Version 17
VisualStudioVersion = 17.14.36121.58
MinimumVisualStudioVersion = 10.0.40219.1
Project("{FAE04EC0-301F-11D3-BF4B-00C04F79EFBC}") = "ASPNETMVC", "ASPNETMVC.csproj", "{AB1D465F-75B6-A249-7159-2D50C82A4E2B}"
EndProject
Project("{FAE04EC0-301F-11D3-BF4B-00C04F79EFBC}") = "Laba2", "Laba2\Laba2.csproj", "{7799FF9F-3D76-9A75-57A2-A5186CEE2C12}"
EndProject
Project("{FAE04EC0-301F-11D3-BF4B-00C04F79EFBC}") = "WebEnpoints", "WebEnpoints\WebEnpoints.csproj", "{3F0067FF-B7FB-5E1F-39CE-E6780A7F4155}"
EndProject
Project("{FAE04EC0-301F-11D3-BF4B-00C04F79EFBC}") = "Laba6", "..\Laba6\Laba6.csproj", "{663BE7FE-35C0-4CED-A03B-213328D70EE1}"
EndProject
Project("{FAE04EC0-301F-11D3-BF4B-00C04F79EFBC}") = "Laba7", "Laba7\Laba7.csproj", "{3D7FA48F-07B5-434E-B423-166F82C07E0B}"
EndProject
Project("{FAE04EC0-301F-11D3-BF4B-00C04F79EFBC}") = "WebEnpoints.Tests", "..\WebEnpoints.Tests\WebEnpoints.Tests.csproj", "{714D6B62-AE92-493D-9FB0-5586D5ED9C77}"
EndProject
Global
	GlobalSection(SolutionConfigurationPlatforms) = preSolution
		Debug|Any CPU = Debug|Any CPU
		Release|Any CPU = Release|Any CPU
	EndGlobalSection
	GlobalSection(ProjectConfigurationPlatforms) = postSolution
		{AB1D465F-75B6-A249-7159-2D50C82A4E2B}.Debug|Any CPU.ActiveCfg = Debug|Any CPU
		{AB1D465F-75B6-A249-7159-2D50C82A4E2B}.Debug|Any CPU.Build.0 = Debug|Any CPU
		{AB1D465F-75B6-A249-7159-2D50C82A4E2B}.Release|Any CPU.ActiveCfg = Release|Any CPU
		{AB1D465F-75B6-A249-7159-2D50C82A4E2B}.Release|Any CPU.Build.0 = Release|Any CPU
		{7799FF9F-3D76-9A75-57A2-A5186CEE2C12}.Debug|Any CPU.ActiveCfg = Debug|Any CPU
		{7799FF9F-3D76-9A75-57A2-A5186CEE2C12}.Debug|Any CPU.Build.0 = Debug|Any CPU
		{7799FF9F-3D76-9A75-57A2-A5186CEE2C12}.Release|Any CPU.ActiveCfg = Release|Any CPU
		{7799FF9F-3D76-9A75-57A2-A5186CEE2C12}.Release|Any CPU.Build.0 = Release|Any CPU
		{3F0067FF-B7FB-5E1F-39CE-E6780A7F4155}.Debug|Any CPU.ActiveCfg = Debug|Any CPU
		{3F0067FF-B7FB-5E1F-39CE-E6780A7F4155}.Debug|Any CPU.Build.0 = Debug|Any CPU
		{3F0067FF-B7FB-5E1F-39CE-E6780A7F4155}.Release|Any CPU.ActiveCfg = Release|Any CPU
		{3F0067FF-B7FB-5E1F-39CE-E6780A7F4155}.Release|Any CPU.Build.0 = Release|Any CPU
		{663BE7FE-35C0-4CED-A03B-213328D70EE1}.Debug|Any CPU.ActiveCfg = Debug|Any CPU
		{663BE7FE-35C0-4CED-A03B-213328D70EE1}.Debug|Any CPU.Build.0 = Debug|Any CPU
		{663BE7FE-35C0-4CED-A03B-213328D70EE1}.Release|Any CPU.ActiveCfg = Release|Any CPU
		{663BE7FE-35C0-4CED-A03B-213328D70EE1}.Release|Any CPU.Build.0 = Release|Any CPU
		{3D7FA48F-07B5-434E-B423-166F82C07E0B}.Debug|Any CPU.ActiveCfg = Debug|Any CPU
		{3D7FA48F-07B5-434E-B423-166F82C07E0B}.Debug|Any CPU.Build.0 = Debug|Any CPU
		{3D7FA48F-07B5-434E-B423-166F82C07E0B}.Release|Any CPU.ActiveCfg = Release|Any CPU
		{3D7FA48F-07B5-434E-B423-166F82C07E0B}.Release|Any CPU.Build.0 = Release|Any CPU
		{714D6B62-AE92-493D-9FB0-5586D5ED9C77}.Debug|Any CPU.ActiveCfg = Debug|Any CPU
		{714D6B62-AE92-493D-9FB0-5586D5ED9C77}.Debug|Any CPU.Build.0 = Debug|Any CPU
		{714D6B62-AE92-493D-9FB0-5586D5ED9C77}.Release|Any CPU.ActiveCfg = Release|Any CPU
		{714D6B62-AE92-493D-9FB0-5586D5ED9C77}.Release|Any CPU.Build.0 = Release|Any CPU
	EndGlobalSection
	GlobalSection(SolutionProperties) = preSolution
		HideSolutionNode = FALSE
	EndGlobalSection
	GlobalSection(ExtensibilityGlobals) = postSolution
		SolutionGuid = {F0CCC4C1-1901-4D83-A7EB-D13C2422069F}
	EndGlobalSection
EndGlobal
